
Microsoft Visual Studio Solution File, Format Version 10.00
# Visual Studio 2008
Project("{8BC9CEB8-8B4A-11D0-8D11-00A0C91BC942}") = "OptoMMP Console CLR Cpp", "OptoMMP Console CLR Cpp\OptoMMP Console CLR Cpp.vcproj", "{49BE0425-66F6-43D5-BBB0-36CECC4EF589}"
EndProject
Global
	GlobalSection(SolutionConfigurationPlatforms) = preSolution
		Debug|Win32 = Debug|Win32
		Release|Win32 = Release|Win32
	EndGlobalSection
	GlobalSection(ProjectConfigurationPlatforms) = postSolution
		{49BE0425-66F6-43D5-BBB0-36CECC4EF589}.Debug|Win32.ActiveCfg = Debug|Win32
		{49BE0425-66F6-43D5-BBB0-36CECC4EF589}.Debug|Win32.Build.0 = Debug|Win32
		{49BE0425-66F6-43D5-BBB0-36CECC4EF589}.Release|Win32.ActiveCfg = Release|Win32
		{49BE0425-66F6-43D5-BBB0-36CECC4EF589}.Release|Win32.Build.0 = Release|Win32
	EndGlobalSection
	GlobalSection(SolutionProperties) = preSolution
		HideSolutionNode = FALSE
	EndGlobalSection
EndGlobal
